Microsoft Visual Studio Solution File, Format Version 12.00
# Visual Studio Version 17
VisualStudioVersion = 17.6.33717.318
MinimumVisualStudioVersion = 10.0.40219.1
Project("{9A19103F-16F7-4668-BE54-9A1E7A4F7556}") = "SBT.Apps.Contabilidad", "Contabilidad\SBT.Apps.Contabilidad.csproj", "{F8ACB445-E391-4DC6-9AB3-B30AB53F7646}"
EndProject
Project("{9A19103F-16F7-4668-BE54-9A1E7A4F7556}") = "SBT.Apps.Erp.Module", "Erp.Module\SBT.Apps.Erp.Module.csproj", "{4AF29138-6DDE-4467-96B1-E7F300EF69C5}"
EndProject
Project("{9A19103F-16F7-4668-BE54-9A1E7A4F7556}") = "SBT.Apps.Erp.Win", "Erp.Win\SBT.Apps.Erp.Win.csproj", "{41AFCCEE-0793-429D-A7FB-3EA5355B187F}"
EndProject
Project("{9A19103F-16F7-4668-BE54-9A1E7A4F7556}") = "SBT.Apps.Facturacion", "Facturacion\SBT.Apps.Facturacion.csproj", "{079B99E0-C217-4989-9F00-43770CFD1AE7}"
EndProject
Project("{9A19103F-16F7-4668-BE54-9A1E7A4F7556}") = "SBT.Apps.Compra", "Compra\SBT.Apps.Compra.csproj", "{E300665D-AD47-415F-8AE3-0BDB0D4F0371}"
EndProject
Project("{9A19103F-16F7-4668-BE54-9A1E7A4F7556}") = "SBT.Apps.Utils", "Utils\SBT.Apps.Utils.csproj", "{5B68CC2B-9F1F-4E05-88C8-1DE573D4D2DE}"
EndProject
Project("{9A19103F-16F7-4668-BE54-9A1E7A4F7556}") = "SBT.Apps.Activo", "Activo\SBT.Apps.Activo.csproj", "{579E294D-47B3-4E8A-94B8-A81A514F7405}"
EndProject
Project("{9A19103F-16F7-4668-BE54-9A1E7A4F7556}") = "SBT.Apps.Base", "Base\SBT.Apps.Base.csproj", "{0B5D4DC2-111E-4778-9564-5F5EDC6AC356}"
EndProject
Project("{9A19103F-16F7-4668-BE54-9A1E7A4F7556}") = "SBT.Apps.Tercero", "Tercero\SBT.Apps.Tercero.csproj", "{B0D2FCC6-6445-49DD-BFF1-E8CFE5FD59A7}"
	ProjectSection(ProjectDependencies) = postProject
		{0B5D4DC2-111E-4778-9564-5F5EDC6AC356} = {0B5D4DC2-111E-4778-9564-5F5EDC6AC356}
	EndProjectSection
EndProject
Project("{9A19103F-16F7-4668-BE54-9A1E7A4F7556}") = "SBT.Apps.Producto", "Producto\SBT.Apps.Producto.csproj", "{A2251229-3CAF-445E-8B19-3FCB9BC7B7D1}"
EndProject
Project("{9A19103F-16F7-4668-BE54-9A1E7A4F7556}") = "SBT.Apps.RecursoHumano", "RecursoHumano\SBT.Apps.RecursoHumano.csproj", "{D3FC076D-4334-4E62-86B0-B15D31CD82BC}"
EndProject
Project("{9A19103F-16F7-4668-BE54-9A1E7A4F7556}") = "SBT.Apps.Empleado", "Empleado\SBT.Apps.Empleado.csproj", "{EB31C08A-FE64-4758-B14B-F3EF4DE440A2}"
EndProject
Project("{9A19103F-16F7-4668-BE54-9A1E7A4F7556}") = "SBT.Apps.Erp.Module.Win", "Erp.Module.Win\SBT.Apps.Erp.Module.Win.csproj", "{FF9A896A-6885-4947-9888-387B96AF5FAA}"
EndProject
Project("{9A19103F-16F7-4668-BE54-9A1E7A4F7556}") = "SBT.Apps.Medico.Generico.Module", "Medico.Generico.Module\SBT.Apps.Medico.Generico.Module.csproj", "{E3ED7BDD-4FBB-4CB4-804C-58E5AB0FBE24}"
EndProject
Project("{9A19103F-16F7-4668-BE54-9A1E7A4F7556}") = "SBT.Apps.Medico.Expediente.Module", "Medico.Expediente.Module\SBT.Apps.Medico.Expediente.Module.csproj", "{12CAB8B6-82D2-4FD7-90E7-576DE83EC9DB}"
EndProject
Project("{9A19103F-16F7-4668-BE54-9A1E7A4F7556}") = "SBT.Apps.Medico.Module", "Medico.Module\SBT.Apps.Medico.Module.csproj", "{76F53ABD-87A7-45B1-A9B1-27C933AB3C9B}"
	ProjectSection(ProjectDependencies) = postProject
		{0B5D4DC2-111E-4778-9564-5F5EDC6AC356} = {0B5D4DC2-111E-4778-9564-5F5EDC6AC356}
		{B0D2FCC6-6445-49DD-BFF1-E8CFE5FD59A7} = {B0D2FCC6-6445-49DD-BFF1-E8CFE5FD59A7}
		{E3ED7BDD-4FBB-4CB4-804C-58E5AB0FBE24} = {E3ED7BDD-4FBB-4CB4-804C-58E5AB0FBE24}
	EndProjectSection
EndProject
Project("{9A19103F-16F7-4668-BE54-9A1E7A4F7556}") = "SBT.Apps.Medico.Module.Win", "Medico.Module.Win\SBT.Apps.Medico.Module.Win.csproj", "{6A0D2BB9-9B2C-46EC-A1AF-47100094EA51}"
EndProject
Project("{9A19103F-16F7-4668-BE54-9A1E7A4F7556}") = "SBT.Apps.Medico.Win", "Medico.Win\SBT.Apps.Medico.Win.csproj", "{6B152745-C5B0-4861-96F3-690BA95496DA}"
EndProject
Project("{9A19103F-16F7-4668-BE54-9A1E7A4F7556}") = "SBT.Apps.Erp.Blazor.Server", "Erp.Blazor.Server\SBT.Apps.Erp.Blazor.Server.csproj", "{DD3E7260-C4BA-4049-A828-E37AF375A6B7}"
EndProject
Project("{9A19103F-16F7-4668-BE54-9A1E7A4F7556}") = "SBT.Apps.Erp.WinV2.MiddleTier", "Erp.WinV2.MiddleTier\SBT.Apps.Erp.WinV2.MiddleTier.csproj", "{5BD5A8CB-0C50-4696-97B0-CB525D660BE0}"
EndProject
Project("{9A19103F-16F7-4668-BE54-9A1E7A4F7556}") = "SBT.Apps.Erp.WinV2.Win", "Erp.WinV2.Win\SBT.Apps.Erp.WinV2.Win.csproj", "{DE078E43-2BDF-436A-888E-9C3C988D7023}"
EndProject
Project("{9A19103F-16F7-4668-BE54-9A1E7A4F7556}") = "SBT.Medico.Blazor.Server", "Medico.Blazor.Server\SBT.Medico.Blazor.Server.csproj", "{A48ABB6E-DD8C-4B9A-940E-4096273E59B5}"
EndProject
Project("{9A19103F-16F7-4668-BE54-9A1E7A4F7556}") = "SBT.eFactura.Dte", "eFactura\SBT.eFactura.Dte.csproj", "{4FAFACEE-7161-428E-AA58-4147CB458DD7}"
EndProject
Global
	GlobalSection(SolutionConfigurationPlatforms) = preSolution
		Debug|Any CPU = Debug|Any CPU
		EasyTest|Any CPU = EasyTest|Any CPU
		Release|Any CPU = Release|Any CPU
	EndGlobalSection
	GlobalSection(ProjectConfigurationPlatforms) = postSolution
		{F8ACB445-E391-4DC6-9AB3-B30AB53F7646}.Debug|Any CPU.ActiveCfg = Debug|Any CPU
		{F8ACB445-E391-4DC6-9AB3-B30AB53F7646}.Debug|Any CPU.Build.0 = Debug|Any CPU
		{F8ACB445-E391-4DC6-9AB3-B30AB53F7646}.EasyTest|Any CPU.ActiveCfg = EasyTest|Any CPU
		{F8ACB445-E391-4DC6-9AB3-B30AB53F7646}.EasyTest|Any CPU.Build.0 = EasyTest|Any CPU
		{F8ACB445-E391-4DC6-9AB3-B30AB53F7646}.Release|Any CPU.ActiveCfg = Release|Any CPU
		{F8ACB445-E391-4DC6-9AB3-B30AB53F7646}.Release|Any CPU.Build.0 = Release|Any CPU
		{4AF29138-6DDE-4467-96B1-E7F300EF69C5}.Debug|Any CPU.ActiveCfg = Debug|Any CPU
		{4AF29138-6DDE-4467-96B1-E7F300EF69C5}.Debug|Any CPU.Build.0 = Debug|Any CPU
		{4AF29138-6DDE-4467-96B1-E7F300EF69C5}.EasyTest|Any CPU.ActiveCfg = EasyTest|Any CPU
		{4AF29138-6DDE-4467-96B1-E7F300EF69C5}.EasyTest|Any CPU.Build.0 = EasyTest|Any CPU
		{4AF29138-6DDE-4467-96B1-E7F300EF69C5}.Release|Any CPU.ActiveCfg = Release|Any CPU
		{4AF29138-6DDE-4467-96B1-E7F300EF69C5}.Release|Any CPU.Build.0 = Release|Any CPU
		{41AFCCEE-0793-429D-A7FB-3EA5355B187F}.Debug|Any CPU.ActiveCfg = Debug|Any CPU
		{41AFCCEE-0793-429D-A7FB-3EA5355B187F}.Debug|Any CPU.Build.0 = Debug|Any CPU
		{41AFCCEE-0793-429D-A7FB-3EA5355B187F}.EasyTest|Any CPU.ActiveCfg = EasyTest|Any CPU
		{41AFCCEE-0793-429D-A7FB-3EA5355B187F}.EasyTest|Any CPU.Build.0 = EasyTest|Any CPU
		{41AFCCEE-0793-429D-A7FB-3EA5355B187F}.Release|Any CPU.ActiveCfg = Release|Any CPU
		{41AFCCEE-0793-429D-A7FB-3EA5355B187F}.Release|Any CPU.Build.0 = Release|Any CPU
		{079B99E0-C217-4989-9F00-43770CFD1AE7}.Debug|Any CPU.ActiveCfg = Debug|Any CPU
		{079B99E0-C217-4989-9F00-43770CFD1AE7}.Debug|Any CPU.Build.0 = Debug|Any CPU
		{079B99E0-C217-4989-9F00-43770CFD1AE7}.EasyTest|Any CPU.ActiveCfg = EasyTest|Any CPU
		{079B99E0-C217-4989-9F00-43770CFD1AE7}.EasyTest|Any CPU.Build.0 = EasyTest|Any CPU
		{079B99E0-C217-4989-9F00-43770CFD1AE7}.Release|Any CPU.ActiveCfg = Release|Any CPU
		{079B99E0-C217-4989-9F00-43770CFD1AE7}.Release|Any CPU.Build.0 = Release|Any CPU
		{E300665D-AD47-415F-8AE3-0BDB0D4F0371}.Debug|Any CPU.ActiveCfg = Debug|Any CPU
		{E300665D-AD47-415F-8AE3-0BDB0D4F0371}.Debug|Any CPU.Build.0 = Debug|Any CPU
		{E300665D-AD47-415F-8AE3-0BDB0D4F0371}.EasyTest|Any CPU.ActiveCfg = EasyTest|Any CPU
		{E300665D-AD47-415F-8AE3-0BDB0D4F0371}.EasyTest|Any CPU.Build.0 = EasyTest|Any CPU
		{E300665D-AD47-415F-8AE3-0BDB0D4F0371}.Release|Any CPU.ActiveCfg = Release|Any CPU
		{E300665D-AD47-415F-8AE3-0BDB0D4F0371}.Release|Any CPU.Build.0 = Release|Any CPU
		{5B68CC2B-9F1F-4E05-88C8-1DE573D4D2DE}.Debug|Any CPU.ActiveCfg = Debug|Any CPU
		{5B68CC2B-9F1F-4E05-88C8-1DE573D4D2DE}.Debug|Any CPU.Build.0 = Debug|Any CPU
		{5B68CC2B-9F1F-4E05-88C8-1DE573D4D2DE}.EasyTest|Any CPU.ActiveCfg = Debug|Any CPU
		{5B68CC2B-9F1F-4E05-88C8-1DE573D4D2DE}.EasyTest|Any CPU.Build.0 = Debug|Any CPU
		{5B68CC2B-9F1F-4E05-88C8-1DE573D4D2DE}.Release|Any CPU.ActiveCfg = Release|Any CPU
		{5B68CC2B-9F1F-4E05-88C8-1DE573D4D2DE}.Release|Any CPU.Build.0 = Release|Any CPU
		{579E294D-47B3-4E8A-94B8-A81A514F7405}.Debug|Any CPU.ActiveCfg = Debug|Any CPU
		{579E294D-47B3-4E8A-94B8-A81A514F7405}.Debug|Any CPU.Build.0 = Debug|Any CPU
		{579E294D-47B3-4E8A-94B8-A81A514F7405}.EasyTest|Any CPU.ActiveCfg = EasyTest|Any CPU
		{579E294D-47B3-4E8A-94B8-A81A514F7405}.EasyTest|Any CPU.Build.0 = EasyTest|Any CPU
		{579E294D-47B3-4E8A-94B8-A81A514F7405}.Release|Any CPU.ActiveCfg = Release|Any CPU
		{579E294D-47B3-4E8A-94B8-A81A514F7405}.Release|Any CPU.Build.0 = Release|Any CPU
		{0B5D4DC2-111E-4778-9564-5F5EDC6AC356}.Debug|Any CPU.ActiveCfg = Debug|Any CPU
		{0B5D4DC2-111E-4778-9564-5F5EDC6AC356}.Debug|Any CPU.Build.0 = Debug|Any CPU
		{0B5D4DC2-111E-4778-9564-5F5EDC6AC356}.EasyTest|Any CPU.ActiveCfg = EasyTest|Any CPU
		{0B5D4DC2-111E-4778-9564-5F5EDC6AC356}.EasyTest|Any CPU.Build.0 = EasyTest|Any CPU
		{0B5D4DC2-111E-4778-9564-5F5EDC6AC356}.Release|Any CPU.ActiveCfg = Release|Any CPU
		{0B5D4DC2-111E-4778-9564-5F5EDC6AC356}.Release|Any CPU.Build.0 = Release|Any CPU
		{B0D2FCC6-6445-49DD-BFF1-E8CFE5FD59A7}.Debug|Any CPU.ActiveCfg = Debug|Any CPU
		{B0D2FCC6-6445-49DD-BFF1-E8CFE5FD59A7}.Debug|Any CPU.Build.0 = Debug|Any CPU
		{B0D2FCC6-6445-49DD-BFF1-E8CFE5FD59A7}.EasyTest|Any CPU.ActiveCfg = Debug|Any CPU
		{B0D2FCC6-6445-49DD-BFF1-E8CFE5FD59A7}.EasyTest|Any CPU.Build.0 = Debug|Any CPU
		{B0D2FCC6-6445-49DD-BFF1-E8CFE5FD59A7}.Release|Any CPU.ActiveCfg = Release|Any CPU
		{B0D2FCC6-6445-49DD-BFF1-E8CFE5FD59A7}.Release|Any CPU.Build.0 = Release|Any CPU
		{A2251229-3CAF-445E-8B19-3FCB9BC7B7D1}.Debug|Any CPU.ActiveCfg = Debug|Any CPU
		{A2251229-3CAF-445E-8B19-3FCB9BC7B7D1}.Debug|Any CPU.Build.0 = Debug|Any CPU
		{A2251229-3CAF-445E-8B19-3FCB9BC7B7D1}.EasyTest|Any CPU.ActiveCfg = Debug|Any CPU
		{A2251229-3CAF-445E-8B19-3FCB9BC7B7D1}.EasyTest|Any CPU.Build.0 = Debug|Any CPU
		{A2251229-3CAF-445E-8B19-3FCB9BC7B7D1}.Release|Any CPU.ActiveCfg = Release|Any CPU
		{A2251229-3CAF-445E-8B19-3FCB9BC7B7D1}.Release|Any CPU.Build.0 = Release|Any CPU
		{D3FC076D-4334-4E62-86B0-B15D31CD82BC}.Debug|Any CPU.ActiveCfg = Debug|Any CPU
		{D3FC076D-4334-4E62-86B0-B15D31CD82BC}.Debug|Any CPU.Build.0 = Debug|Any CPU
		{D3FC076D-4334-4E62-86B0-B15D31CD82BC}.EasyTest|Any CPU.ActiveCfg = Debug|Any CPU
		{D3FC076D-4334-4E62-86B0-B15D31CD82BC}.EasyTest|Any CPU.Build.0 = Debug|Any CPU
		{D3FC076D-4334-4E62-86B0-B15D31CD82BC}.Release|Any CPU.ActiveCfg = Release|Any CPU
		{D3FC076D-4334-4E62-86B0-B15D31CD82BC}.Release|Any CPU.Build.0 = Release|Any CPU
		{EB31C08A-FE64-4758-B14B-F3EF4DE440A2}.Debug|Any CPU.ActiveCfg = Debug|Any CPU
		{EB31C08A-FE64-4758-B14B-F3EF4DE440A2}.Debug|Any CPU.Build.0 = Debug|Any CPU
		{EB31C08A-FE64-4758-B14B-F3EF4DE440A2}.EasyTest|Any CPU.ActiveCfg = Debug|Any CPU
		{EB31C08A-FE64-4758-B14B-F3EF4DE440A2}.EasyTest|Any CPU.Build.0 = Debug|Any CPU
		{EB31C08A-FE64-4758-B14B-F3EF4DE440A2}.Release|Any CPU.ActiveCfg = Release|Any CPU
		{EB31C08A-FE64-4758-B14B-F3EF4DE440A2}.Release|Any CPU.Build.0 = Release|Any CPU
		{FF9A896A-6885-4947-9888-387B96AF5FAA}.Debug|Any CPU.ActiveCfg = Debug|Any CPU
		{FF9A896A-6885-4947-9888-387B96AF5FAA}.Debug|Any CPU.Build.0 = Debug|Any CPU
		{FF9A896A-6885-4947-9888-387B96AF5FAA}.EasyTest|Any CPU.ActiveCfg = EasyTest|Any CPU
		{FF9A896A-6885-4947-9888-387B96AF5FAA}.EasyTest|Any CPU.Build.0 = EasyTest|Any CPU
		{FF9A896A-6885-4947-9888-387B96AF5FAA}.Release|Any CPU.ActiveCfg = Release|Any CPU
		{FF9A896A-6885-4947-9888-387B96AF5FAA}.Release|Any CPU.Build.0 = Release|Any CPU
		{E3ED7BDD-4FBB-4CB4-804C-58E5AB0FBE24}.Debug|Any CPU.ActiveCfg = Debug|Any CPU
		{E3ED7BDD-4FBB-4CB4-804C-58E5AB0FBE24}.Debug|Any CPU.Build.0 = Debug|Any CPU
		{E3ED7BDD-4FBB-4CB4-804C-58E5AB0FBE24}.EasyTest|Any CPU.ActiveCfg = EasyTest|Any CPU
		{E3ED7BDD-4FBB-4CB4-804C-58E5AB0FBE24}.EasyTest|Any CPU.Build.0 = EasyTest|Any CPU
		{E3ED7BDD-4FBB-4CB4-804C-58E5AB0FBE24}.Release|Any CPU.ActiveCfg = Release|Any CPU
		{E3ED7BDD-4FBB-4CB4-804C-58E5AB0FBE24}.Release|Any CPU.Build.0 = Release|Any CPU
		{12CAB8B6-82D2-4FD7-90E7-576DE83EC9DB}.Debug|Any CPU.ActiveCfg = Debug|Any CPU
		{12CAB8B6-82D2-4FD7-90E7-576DE83EC9DB}.Debug|Any CPU.Build.0 = Debug|Any CPU
		{12CAB8B6-82D2-4FD7-90E7-576DE83EC9DB}.EasyTest|Any CPU.ActiveCfg = EasyTest|Any CPU
		{12CAB8B6-82D2-4FD7-90E7-576DE83EC9DB}.EasyTest|Any CPU.Build.0 = EasyTest|Any CPU
		{12CAB8B6-82D2-4FD7-90E7-576DE83EC9DB}.Release|Any CPU.ActiveCfg = Release|Any CPU
		{12CAB8B6-82D2-4FD7-90E7-576DE83EC9DB}.Release|Any CPU.Build.0 = Release|Any CPU
		{76F53ABD-87A7-45B1-A9B1-27C933AB3C9B}.Debug|Any CPU.ActiveCfg = Debug|Any CPU
		{76F53ABD-87A7-45B1-A9B1-27C933AB3C9B}.Debug|Any CPU.Build.0 = Debug|Any CPU
		{76F53ABD-87A7-45B1-A9B1-27C933AB3C9B}.EasyTest|Any CPU.ActiveCfg = Debug|Any CPU
		{76F53ABD-87A7-45B1-A9B1-27C933AB3C9B}.EasyTest|Any CPU.Build.0 = Debug|Any CPU
		{76F53ABD-87A7-45B1-A9B1-27C933AB3C9B}.Release|Any CPU.ActiveCfg = Release|Any CPU
		{76F53ABD-87A7-45B1-A9B1-27C933AB3C9B}.Release|Any CPU.Build.0 = Release|Any CPU
		{6A0D2BB9-9B2C-46EC-A1AF-47100094EA51}.Debug|Any CPU.ActiveCfg = Debug|Any CPU
		{6A0D2BB9-9B2C-46EC-A1AF-47100094EA51}.Debug|Any CPU.Build.0 = Debug|Any CPU
		{6A0D2BB9-9B2C-46EC-A1AF-47100094EA51}.EasyTest|Any CPU.ActiveCfg = EasyTest|Any CPU
		{6A0D2BB9-9B2C-46EC-A1AF-47100094EA51}.EasyTest|Any CPU.Build.0 = EasyTest|Any CPU
		{6A0D2BB9-9B2C-46EC-A1AF-47100094EA51}.Release|Any CPU.ActiveCfg = Release|Any CPU
		{6A0D2BB9-9B2C-46EC-A1AF-47100094EA51}.Release|Any CPU.Build.0 = Release|Any CPU
		{6B152745-C5B0-4861-96F3-690BA95496DA}.Debug|Any CPU.ActiveCfg = Debug|Any CPU
		{6B152745-C5B0-4861-96F3-690BA95496DA}.Debug|Any CPU.Build.0 = Debug|Any CPU
		{6B152745-C5B0-4861-96F3-690BA95496DA}.EasyTest|Any CPU.ActiveCfg = Debug|Any CPU
		{6B152745-C5B0-4861-96F3-690BA95496DA}.EasyTest|Any CPU.Build.0 = Debug|Any CPU
		{6B152745-C5B0-4861-96F3-690BA95496DA}.Release|Any CPU.ActiveCfg = Release|Any CPU
		{6B152745-C5B0-4861-96F3-690BA95496DA}.Release|Any CPU.Build.0 = Release|Any CPU
		{DD3E7260-C4BA-4049-A828-E37AF375A6B7}.Debug|Any CPU.ActiveCfg = Debug|Any CPU
		{DD3E7260-C4BA-4049-A828-E37AF375A6B7}.Debug|Any CPU.Build.0 = Debug|Any CPU
		{DD3E7260-C4BA-4049-A828-E37AF375A6B7}.EasyTest|Any CPU.ActiveCfg = EasyTest|Any CPU
		{DD3E7260-C4BA-4049-A828-E37AF375A6B7}.EasyTest|Any CPU.Build.0 = EasyTest|Any CPU
		{DD3E7260-C4BA-4049-A828-E37AF375A6B7}.Release|Any CPU.ActiveCfg = Release|Any CPU
		{DD3E7260-C4BA-4049-A828-E37AF375A6B7}.Release|Any CPU.Build.0 = Release|Any CPU
		{5BD5A8CB-0C50-4696-97B0-CB525D660BE0}.Debug|Any CPU.ActiveCfg = Debug|Any CPU
		{5BD5A8CB-0C50-4696-97B0-CB525D660BE0}.Debug|Any CPU.Build.0 = Debug|Any CPU
		{5BD5A8CB-0C50-4696-97B0-CB525D660BE0}.EasyTest|Any CPU.ActiveCfg = EasyTest|Any CPU
		{5BD5A8CB-0C50-4696-97B0-CB525D660BE0}.EasyTest|Any CPU.Build.0 = EasyTest|Any CPU
		{5BD5A8CB-0C50-4696-97B0-CB525D660BE0}.Release|Any CPU.ActiveCfg = Release|Any CPU
		{5BD5A8CB-0C50-4696-97B0-CB525D660BE0}.Release|Any CPU.Build.0 = Release|Any CPU
		{DE078E43-2BDF-436A-888E-9C3C988D7023}.Debug|Any CPU.ActiveCfg = Debug|Any CPU
		{DE078E43-2BDF-436A-888E-9C3C988D7023}.Debug|Any CPU.Build.0 = Debug|Any CPU
		{DE078E43-2BDF-436A-888E-9C3C988D7023}.EasyTest|Any CPU.ActiveCfg = EasyTest|Any CPU
		{DE078E43-2BDF-436A-888E-9C3C988D7023}.EasyTest|Any CPU.Build.0 = EasyTest|Any CPU
		{DE078E43-2BDF-436A-888E-9C3C988D7023}.Release|Any CPU.ActiveCfg = Release|Any CPU
		{DE078E43-2BDF-436A-888E-9C3C988D7023}.Release|Any CPU.Build.0 = Release|Any CPU
		{A48ABB6E-DD8C-4B9A-940E-4096273E59B5}.Debug|Any CPU.ActiveCfg = Debug|Any CPU
		{A48ABB6E-DD8C-4B9A-940E-4096273E59B5}.Debug|Any CPU.Build.0 = Debug|Any CPU
		{A48ABB6E-DD8C-4B9A-940E-4096273E59B5}.EasyTest|Any CPU.ActiveCfg = EasyTest|Any CPU
		{A48ABB6E-DD8C-4B9A-940E-4096273E59B5}.EasyTest|Any CPU.Build.0 = EasyTest|Any CPU
		{A48ABB6E-DD8C-4B9A-940E-4096273E59B5}.Release|Any CPU.ActiveCfg = Release|Any CPU
		{A48ABB6E-DD8C-4B9A-940E-4096273E59B5}.Release|Any CPU.Build.0 = Release|Any CPU
		{4FAFACEE-7161-428E-AA58-4147CB458DD7}.Debug|Any CPU.ActiveCfg = Debug|Any CPU
		{4FAFACEE-7161-428E-AA58-4147CB458DD7}.Debug|Any CPU.Build.0 = Debug|Any CPU
		{4FAFACEE-7161-428E-AA58-4147CB458DD7}.EasyTest|Any CPU.ActiveCfg = Debug|Any CPU
		{4FAFACEE-7161-428E-AA58-4147CB458DD7}.EasyTest|Any CPU.Build.0 = Debug|Any CPU
		{4FAFACEE-7161-428E-AA58-4147CB458DD7}.Release|Any CPU.ActiveCfg = Release|Any CPU
		{4FAFACEE-7161-428E-AA58-4147CB458DD7}.Release|Any CPU.Build.0 = Release|Any CPU
	EndGlobalSection
	GlobalSection(SolutionProperties) = preSolution
		HideSolutionNode = FALSE
	EndGlobalSection
	GlobalSection(ExtensibilityGlobals) = postSolution
		SolutionGuid = {64B7FA1B-2DAD-45A4-87DA-F5690BC4EA44}
	EndGlobalSection
EndGlobal
