
Microsoft Visual Studio Solution File, Format Version 12.00
# Visual Studio 15
VisualStudioVersion = 15.0.28307.271
MinimumVisualStudioVersion = 10.0.40219.1
Project("{FAE04EC0-301F-11D3-BF4B-00C04F79EFBC}") = "apps", "apps\apps.csproj", "{CFEAF5CE-B845-44ED-907E-63A7155CDF55}"
EndProject
Global
	GlobalSection(SolutionConfigurationPlatforms) = preSolution
		Debug|Any CPU = Debug|Any CPU
		Release|Any CPU = Release|Any CPU
	EndGlobalSection
	GlobalSection(ProjectConfigurationPlatforms) = postSolution
		{CFEAF5CE-B845-44ED-907E-63A7155CDF55}.Debug|Any CPU.ActiveCfg = Debug|Any CPU
		{CFEAF5CE-B845-44ED-907E-63A7155CDF55}.Debug|Any CPU.Build.0 = Debug|Any CPU
		{CFEAF5CE-B845-44ED-907E-63A7155CDF55}.Release|Any CPU.ActiveCfg = Release|Any CPU
		{CFEAF5CE-B845-44ED-907E-63A7155CDF55}.Release|Any CPU.Build.0 = Release|Any CPU
	EndGlobalSection
	GlobalSection(SolutionProperties) = preSolution
		HideSolutionNode = FALSE
	EndGlobalSection
	GlobalSection(ExtensibilityGlobals) = postSolution
		SolutionGuid = {64B7FA1B-2DAD-45A4-87DA-F5690BC4EA44}
	EndGlobalSection
EndGlobal
