
Microsoft Visual Studio Solution File, Format Version 12.00
# Visual Studio 15
VisualStudioVersion = 15.0.28307.271
MinimumVisualStudioVersion = 10.0.40219.1
Project("{FAE04EC0-301F-11D3-BF4B-00C04F79EFBC}") = "SBT.Apps.Base", "Base\SBT.Apps.Base.csproj", "{A538FE93-206D-4869-BC40-FDC561F8C1D1}"
EndProject
Project("{FAE04EC0-301F-11D3-BF4B-00C04F79EFBC}") = "SBT.Apps.Tercero", "Tercero\SBT.Apps.Tercero.csproj", "{5F15837D-D1E5-44DC-92F0-4F2EBE9C3F8D}"
	ProjectSection(ProjectDependencies) = postProject
		{A538FE93-206D-4869-BC40-FDC561F8C1D1} = {A538FE93-206D-4869-BC40-FDC561F8C1D1}
	EndProjectSection
EndProject
Project("{FAE04EC0-301F-11D3-BF4B-00C04F79EFBC}") = "SBT.Apps.Producto", "Producto\SBT.Apps.Producto.csproj", "{90D73CB9-2F45-473C-8FEE-AF118BB56C89}"
	ProjectSection(ProjectDependencies) = postProject
		{5F15837D-D1E5-44DC-92F0-4F2EBE9C3F8D} = {5F15837D-D1E5-44DC-92F0-4F2EBE9C3F8D}
		{A538FE93-206D-4869-BC40-FDC561F8C1D1} = {A538FE93-206D-4869-BC40-FDC561F8C1D1}
	EndProjectSection
EndProject
Project("{FAE04EC0-301F-11D3-BF4B-00C04F79EFBC}") = "SBT.Apps.Empleado", "Empleado\SBT.Apps.Empleado.csproj", "{05F004D2-9388-44DB-A756-2FFB2ECCAE07}"
EndProject
Project("{FAE04EC0-301F-11D3-BF4B-00C04F79EFBC}") = "SBT.Apps.Medico.Generico.Module", "Medico.Generico.Module\SBT.Apps.Medico.Generico.Module.csproj", "{241955B7-7FFC-4F17-AEFA-613AD3E97826}"
EndProject
Project("{FAE04EC0-301F-11D3-BF4B-00C04F79EFBC}") = "SBT.Apps.Medico.Expediente.Module", "Medico.Expediente.Module\SBT.Apps.Medico.Expediente.Module.csproj", "{E00D3D65-8A67-4F8A-88D1-2E262226D807}"
EndProject
Project("{FAE04EC0-301F-11D3-BF4B-00C04F79EFBC}") = "SBT.Apps.Medico.Module", "Medico.Module\SBT.Apps.Medico.Module.csproj", "{C18FC14B-9FF4-4495-BCCD-F1625D2FD187}"
EndProject
Project("{FAE04EC0-301F-11D3-BF4B-00C04F79EFBC}") = "SBT.Apps.Medico.Module.Win", "Medico.Module.Win\SBT.Apps.Medico.Module.Win.csproj", "{7964F87D-BC5D-4C4E-8B2F-71E89739AA97}"
EndProject
Project("{FAE04EC0-301F-11D3-BF4B-00C04F79EFBC}") = "SBT.Apps.Medico.Win", "Medico.Win\SBT.Apps.Medico.Win.csproj", "{D05D93DF-312D-4D4E-B980-726871EC7833}"
EndProject
Project("{FAE04EC0-301F-11D3-BF4B-00C04F79EFBC}") = "UnitTestMedico", "UnitTest\UnitTestMedico\UnitTestMedico.csproj", "{2F173420-FED9-48B5-B0AE-C922CEF26E0D}"
EndProject
Project("{FAE04EC0-301F-11D3-BF4B-00C04F79EFBC}") = "SBT.Apps.Medico.Module.Web", "Medico.Module.Web\SBT.Apps.Medico.Module.Web.csproj", "{0C729AAD-7626-4668-A7F1-35F7D240489D}"
EndProject
Project("{FAE04EC0-301F-11D3-BF4B-00C04F79EFBC}") = "SBT.Apps.Medico.Web", "Medico.Web\SBT.Apps.Medico.Web.csproj", "{82A6DBC9-B1B4-44E4-9718-55DF930CD349}"
	ProjectSection(ProjectDependencies) = postProject
		{5F15837D-D1E5-44DC-92F0-4F2EBE9C3F8D} = {5F15837D-D1E5-44DC-92F0-4F2EBE9C3F8D}
		{90D73CB9-2F45-473C-8FEE-AF118BB56C89} = {90D73CB9-2F45-473C-8FEE-AF118BB56C89}
	EndProjectSection
EndProject
Project("{FAE04EC0-301F-11D3-BF4B-00C04F79EFBC}") = "SBT.Apps.Contabilidad", "Contabilidad\SBT.Apps.Contabilidad.csproj", "{F8ACB445-E391-4DC6-9AB3-B30AB53F7646}"
EndProject
Project("{FAE04EC0-301F-11D3-BF4B-00C04F79EFBC}") = "SBT.Apps.Erp.Module", "Erp.Module\SBT.Apps.Erp.Module.csproj", "{4AF29138-6DDE-4467-96B1-E7F300EF69C5}"
	ProjectSection(ProjectDependencies) = postProject
		{DC2B10D5-7EB4-4E21-9A86-1E0247178F7B} = {DC2B10D5-7EB4-4E21-9A86-1E0247178F7B}
	EndProjectSection
EndProject
Project("{FAE04EC0-301F-11D3-BF4B-00C04F79EFBC}") = "SBT.Apps.Erp.Module.Win", "Erp.Module.Win\SBT.Apps.Erp.Module.Win.csproj", "{FA6B39C2-8C8B-4992-BABB-ACFC3B7F72B6}"
	ProjectSection(ProjectDependencies) = postProject
		{4AF29138-6DDE-4467-96B1-E7F300EF69C5} = {4AF29138-6DDE-4467-96B1-E7F300EF69C5}
	EndProjectSection
EndProject
Project("{FAE04EC0-301F-11D3-BF4B-00C04F79EFBC}") = "SBT.Apps.Erp.Web", "Erp.Web\SBT.Apps.Erp.Web.csproj", "{10A13256-A185-4393-ADC5-A16B29B10A06}"
	ProjectSection(ProjectDependencies) = postProject
		{DC2B10D5-7EB4-4E21-9A86-1E0247178F7B} = {DC2B10D5-7EB4-4E21-9A86-1E0247178F7B}
	EndProjectSection
EndProject
Project("{FAE04EC0-301F-11D3-BF4B-00C04F79EFBC}") = "SBT.Apps.Erp.Win", "Erp.Win\SBT.Apps.Erp.Win.csproj", "{41AFCCEE-0793-429D-A7FB-3EA5355B187F}"
EndProject
Project("{FAE04EC0-301F-11D3-BF4B-00C04F79EFBC}") = "SBT.Apps.Erp.Module.Web", "Erp.Module.Web\SBT.Apps.Erp.Module.Web.csproj", "{F91421D9-B02F-439F-A6EE-35996184F941}"
EndProject
Project("{FAE04EC0-301F-11D3-BF4B-00C04F79EFBC}") = "SBT.Apps.Facturacion", "Facturacion\SBT.Apps.Facturacion.csproj", "{079B99E0-C217-4989-9F00-43770CFD1AE7}"
	ProjectSection(ProjectDependencies) = postProject
		{5F15837D-D1E5-44DC-92F0-4F2EBE9C3F8D} = {5F15837D-D1E5-44DC-92F0-4F2EBE9C3F8D}
		{A538FE93-206D-4869-BC40-FDC561F8C1D1} = {A538FE93-206D-4869-BC40-FDC561F8C1D1}
		{90D73CB9-2F45-473C-8FEE-AF118BB56C89} = {90D73CB9-2F45-473C-8FEE-AF118BB56C89}
		{05F004D2-9388-44DB-A756-2FFB2ECCAE07} = {05F004D2-9388-44DB-A756-2FFB2ECCAE07}
	EndProjectSection
EndProject
Project("{FAE04EC0-301F-11D3-BF4B-00C04F79EFBC}") = "SBT.Apps.RecursoHumano", "RecursoHumano\SBT.Apps.RecursoHumano.csproj", "{DC2B10D5-7EB4-4E21-9A86-1E0247178F7B}"
EndProject
Global
	GlobalSection(SolutionConfigurationPlatforms) = preSolution
		Debug|Any CPU = Debug|Any CPU
		EasyTest|Any CPU = EasyTest|Any CPU
		Release|Any CPU = Release|Any CPU
	EndGlobalSection
	GlobalSection(ProjectConfigurationPlatforms) = postSolution
		{A538FE93-206D-4869-BC40-FDC561F8C1D1}.Debug|Any CPU.ActiveCfg = Debug|Any CPU
		{A538FE93-206D-4869-BC40-FDC561F8C1D1}.Debug|Any CPU.Build.0 = Debug|Any CPU
		{A538FE93-206D-4869-BC40-FDC561F8C1D1}.EasyTest|Any CPU.ActiveCfg = EasyTest|Any CPU
		{A538FE93-206D-4869-BC40-FDC561F8C1D1}.EasyTest|Any CPU.Build.0 = EasyTest|Any CPU
		{A538FE93-206D-4869-BC40-FDC561F8C1D1}.Release|Any CPU.ActiveCfg = Release|Any CPU
		{A538FE93-206D-4869-BC40-FDC561F8C1D1}.Release|Any CPU.Build.0 = Release|Any CPU
		{5F15837D-D1E5-44DC-92F0-4F2EBE9C3F8D}.Debug|Any CPU.ActiveCfg = Debug|Any CPU
		{5F15837D-D1E5-44DC-92F0-4F2EBE9C3F8D}.Debug|Any CPU.Build.0 = Debug|Any CPU
		{5F15837D-D1E5-44DC-92F0-4F2EBE9C3F8D}.EasyTest|Any CPU.ActiveCfg = EasyTest|Any CPU
		{5F15837D-D1E5-44DC-92F0-4F2EBE9C3F8D}.EasyTest|Any CPU.Build.0 = EasyTest|Any CPU
		{5F15837D-D1E5-44DC-92F0-4F2EBE9C3F8D}.Release|Any CPU.ActiveCfg = Release|Any CPU
		{5F15837D-D1E5-44DC-92F0-4F2EBE9C3F8D}.Release|Any CPU.Build.0 = Release|Any CPU
		{90D73CB9-2F45-473C-8FEE-AF118BB56C89}.Debug|Any CPU.ActiveCfg = Debug|Any CPU
		{90D73CB9-2F45-473C-8FEE-AF118BB56C89}.Debug|Any CPU.Build.0 = Debug|Any CPU
		{90D73CB9-2F45-473C-8FEE-AF118BB56C89}.EasyTest|Any CPU.ActiveCfg = EasyTest|Any CPU
		{90D73CB9-2F45-473C-8FEE-AF118BB56C89}.EasyTest|Any CPU.Build.0 = EasyTest|Any CPU
		{90D73CB9-2F45-473C-8FEE-AF118BB56C89}.Release|Any CPU.ActiveCfg = Release|Any CPU
		{90D73CB9-2F45-473C-8FEE-AF118BB56C89}.Release|Any CPU.Build.0 = Release|Any CPU
		{05F004D2-9388-44DB-A756-2FFB2ECCAE07}.Debug|Any CPU.ActiveCfg = Debug|Any CPU
		{05F004D2-9388-44DB-A756-2FFB2ECCAE07}.Debug|Any CPU.Build.0 = Debug|Any CPU
		{05F004D2-9388-44DB-A756-2FFB2ECCAE07}.EasyTest|Any CPU.ActiveCfg = EasyTest|Any CPU
		{05F004D2-9388-44DB-A756-2FFB2ECCAE07}.EasyTest|Any CPU.Build.0 = EasyTest|Any CPU
		{05F004D2-9388-44DB-A756-2FFB2ECCAE07}.Release|Any CPU.ActiveCfg = Release|Any CPU
		{05F004D2-9388-44DB-A756-2FFB2ECCAE07}.Release|Any CPU.Build.0 = Release|Any CPU
		{241955B7-7FFC-4F17-AEFA-613AD3E97826}.Debug|Any CPU.ActiveCfg = Debug|Any CPU
		{241955B7-7FFC-4F17-AEFA-613AD3E97826}.Debug|Any CPU.Build.0 = Debug|Any CPU
		{241955B7-7FFC-4F17-AEFA-613AD3E97826}.EasyTest|Any CPU.ActiveCfg = EasyTest|Any CPU
		{241955B7-7FFC-4F17-AEFA-613AD3E97826}.EasyTest|Any CPU.Build.0 = EasyTest|Any CPU
		{241955B7-7FFC-4F17-AEFA-613AD3E97826}.Release|Any CPU.ActiveCfg = Release|Any CPU
		{241955B7-7FFC-4F17-AEFA-613AD3E97826}.Release|Any CPU.Build.0 = Release|Any CPU
		{E00D3D65-8A67-4F8A-88D1-2E262226D807}.Debug|Any CPU.ActiveCfg = Debug|Any CPU
		{E00D3D65-8A67-4F8A-88D1-2E262226D807}.Debug|Any CPU.Build.0 = Debug|Any CPU
		{E00D3D65-8A67-4F8A-88D1-2E262226D807}.EasyTest|Any CPU.ActiveCfg = EasyTest|Any CPU
		{E00D3D65-8A67-4F8A-88D1-2E262226D807}.EasyTest|Any CPU.Build.0 = EasyTest|Any CPU
		{E00D3D65-8A67-4F8A-88D1-2E262226D807}.Release|Any CPU.ActiveCfg = Release|Any CPU
		{E00D3D65-8A67-4F8A-88D1-2E262226D807}.Release|Any CPU.Build.0 = Release|Any CPU
		{C18FC14B-9FF4-4495-BCCD-F1625D2FD187}.Debug|Any CPU.ActiveCfg = Debug|Any CPU
		{C18FC14B-9FF4-4495-BCCD-F1625D2FD187}.Debug|Any CPU.Build.0 = Debug|Any CPU
		{C18FC14B-9FF4-4495-BCCD-F1625D2FD187}.EasyTest|Any CPU.ActiveCfg = EasyTest|Any CPU
		{C18FC14B-9FF4-4495-BCCD-F1625D2FD187}.EasyTest|Any CPU.Build.0 = EasyTest|Any CPU
		{C18FC14B-9FF4-4495-BCCD-F1625D2FD187}.Release|Any CPU.ActiveCfg = Release|Any CPU
		{C18FC14B-9FF4-4495-BCCD-F1625D2FD187}.Release|Any CPU.Build.0 = Release|Any CPU
		{7964F87D-BC5D-4C4E-8B2F-71E89739AA97}.Debug|Any CPU.ActiveCfg = Debug|Any CPU
		{7964F87D-BC5D-4C4E-8B2F-71E89739AA97}.Debug|Any CPU.Build.0 = Debug|Any CPU
		{7964F87D-BC5D-4C4E-8B2F-71E89739AA97}.EasyTest|Any CPU.ActiveCfg = EasyTest|Any CPU
		{7964F87D-BC5D-4C4E-8B2F-71E89739AA97}.EasyTest|Any CPU.Build.0 = EasyTest|Any CPU
		{7964F87D-BC5D-4C4E-8B2F-71E89739AA97}.Release|Any CPU.ActiveCfg = Release|Any CPU
		{7964F87D-BC5D-4C4E-8B2F-71E89739AA97}.Release|Any CPU.Build.0 = Release|Any CPU
		{D05D93DF-312D-4D4E-B980-726871EC7833}.Debug|Any CPU.ActiveCfg = Debug|Any CPU
		{D05D93DF-312D-4D4E-B980-726871EC7833}.Debug|Any CPU.Build.0 = Debug|Any CPU
		{D05D93DF-312D-4D4E-B980-726871EC7833}.EasyTest|Any CPU.ActiveCfg = EasyTest|Any CPU
		{D05D93DF-312D-4D4E-B980-726871EC7833}.EasyTest|Any CPU.Build.0 = EasyTest|Any CPU
		{D05D93DF-312D-4D4E-B980-726871EC7833}.Release|Any CPU.ActiveCfg = Release|Any CPU
		{D05D93DF-312D-4D4E-B980-726871EC7833}.Release|Any CPU.Build.0 = Release|Any CPU
		{2F173420-FED9-48B5-B0AE-C922CEF26E0D}.Debug|Any CPU.ActiveCfg = Debug|Any CPU
		{2F173420-FED9-48B5-B0AE-C922CEF26E0D}.Debug|Any CPU.Build.0 = Debug|Any CPU
		{2F173420-FED9-48B5-B0AE-C922CEF26E0D}.EasyTest|Any CPU.ActiveCfg = Release|Any CPU
		{2F173420-FED9-48B5-B0AE-C922CEF26E0D}.EasyTest|Any CPU.Build.0 = Release|Any CPU
		{2F173420-FED9-48B5-B0AE-C922CEF26E0D}.Release|Any CPU.ActiveCfg = Release|Any CPU
		{2F173420-FED9-48B5-B0AE-C922CEF26E0D}.Release|Any CPU.Build.0 = Release|Any CPU
		{0C729AAD-7626-4668-A7F1-35F7D240489D}.Debug|Any CPU.ActiveCfg = Debug|Any CPU
		{0C729AAD-7626-4668-A7F1-35F7D240489D}.Debug|Any CPU.Build.0 = Debug|Any CPU
		{0C729AAD-7626-4668-A7F1-35F7D240489D}.EasyTest|Any CPU.ActiveCfg = EasyTest|Any CPU
		{0C729AAD-7626-4668-A7F1-35F7D240489D}.EasyTest|Any CPU.Build.0 = EasyTest|Any CPU
		{0C729AAD-7626-4668-A7F1-35F7D240489D}.Release|Any CPU.ActiveCfg = Release|Any CPU
		{0C729AAD-7626-4668-A7F1-35F7D240489D}.Release|Any CPU.Build.0 = Release|Any CPU
		{82A6DBC9-B1B4-44E4-9718-55DF930CD349}.Debug|Any CPU.ActiveCfg = Debug|Any CPU
		{82A6DBC9-B1B4-44E4-9718-55DF930CD349}.Debug|Any CPU.Build.0 = Debug|Any CPU
		{82A6DBC9-B1B4-44E4-9718-55DF930CD349}.EasyTest|Any CPU.ActiveCfg = EasyTest|Any CPU
		{82A6DBC9-B1B4-44E4-9718-55DF930CD349}.EasyTest|Any CPU.Build.0 = EasyTest|Any CPU
		{82A6DBC9-B1B4-44E4-9718-55DF930CD349}.Release|Any CPU.ActiveCfg = Release|Any CPU
		{82A6DBC9-B1B4-44E4-9718-55DF930CD349}.Release|Any CPU.Build.0 = Release|Any CPU
		{F8ACB445-E391-4DC6-9AB3-B30AB53F7646}.Debug|Any CPU.ActiveCfg = Debug|Any CPU
		{F8ACB445-E391-4DC6-9AB3-B30AB53F7646}.Debug|Any CPU.Build.0 = Debug|Any CPU
		{F8ACB445-E391-4DC6-9AB3-B30AB53F7646}.EasyTest|Any CPU.ActiveCfg = EasyTest|Any CPU
		{F8ACB445-E391-4DC6-9AB3-B30AB53F7646}.EasyTest|Any CPU.Build.0 = EasyTest|Any CPU
		{F8ACB445-E391-4DC6-9AB3-B30AB53F7646}.Release|Any CPU.ActiveCfg = Release|Any CPU
		{F8ACB445-E391-4DC6-9AB3-B30AB53F7646}.Release|Any CPU.Build.0 = Release|Any CPU
		{4AF29138-6DDE-4467-96B1-E7F300EF69C5}.Debug|Any CPU.ActiveCfg = Debug|Any CPU
		{4AF29138-6DDE-4467-96B1-E7F300EF69C5}.Debug|Any CPU.Build.0 = Debug|Any CPU
		{4AF29138-6DDE-4467-96B1-E7F300EF69C5}.EasyTest|Any CPU.ActiveCfg = EasyTest|Any CPU
		{4AF29138-6DDE-4467-96B1-E7F300EF69C5}.EasyTest|Any CPU.Build.0 = EasyTest|Any CPU
		{4AF29138-6DDE-4467-96B1-E7F300EF69C5}.Release|Any CPU.ActiveCfg = Release|Any CPU
		{4AF29138-6DDE-4467-96B1-E7F300EF69C5}.Release|Any CPU.Build.0 = Release|Any CPU
		{FA6B39C2-8C8B-4992-BABB-ACFC3B7F72B6}.Debug|Any CPU.ActiveCfg = Debug|Any CPU
		{FA6B39C2-8C8B-4992-BABB-ACFC3B7F72B6}.Debug|Any CPU.Build.0 = Debug|Any CPU
		{FA6B39C2-8C8B-4992-BABB-ACFC3B7F72B6}.EasyTest|Any CPU.ActiveCfg = EasyTest|Any CPU
		{FA6B39C2-8C8B-4992-BABB-ACFC3B7F72B6}.EasyTest|Any CPU.Build.0 = EasyTest|Any CPU
		{FA6B39C2-8C8B-4992-BABB-ACFC3B7F72B6}.Release|Any CPU.ActiveCfg = Release|Any CPU
		{FA6B39C2-8C8B-4992-BABB-ACFC3B7F72B6}.Release|Any CPU.Build.0 = Release|Any CPU
		{10A13256-A185-4393-ADC5-A16B29B10A06}.Debug|Any CPU.ActiveCfg = Debug|Any CPU
		{10A13256-A185-4393-ADC5-A16B29B10A06}.Debug|Any CPU.Build.0 = Debug|Any CPU
		{10A13256-A185-4393-ADC5-A16B29B10A06}.EasyTest|Any CPU.ActiveCfg = EasyTest|Any CPU
		{10A13256-A185-4393-ADC5-A16B29B10A06}.EasyTest|Any CPU.Build.0 = EasyTest|Any CPU
		{10A13256-A185-4393-ADC5-A16B29B10A06}.Release|Any CPU.ActiveCfg = Release|Any CPU
		{10A13256-A185-4393-ADC5-A16B29B10A06}.Release|Any CPU.Build.0 = Release|Any CPU
		{41AFCCEE-0793-429D-A7FB-3EA5355B187F}.Debug|Any CPU.ActiveCfg = Debug|Any CPU
		{41AFCCEE-0793-429D-A7FB-3EA5355B187F}.Debug|Any CPU.Build.0 = Debug|Any CPU
		{41AFCCEE-0793-429D-A7FB-3EA5355B187F}.EasyTest|Any CPU.ActiveCfg = EasyTest|Any CPU
		{41AFCCEE-0793-429D-A7FB-3EA5355B187F}.EasyTest|Any CPU.Build.0 = EasyTest|Any CPU
		{41AFCCEE-0793-429D-A7FB-3EA5355B187F}.Release|Any CPU.ActiveCfg = Release|Any CPU
		{41AFCCEE-0793-429D-A7FB-3EA5355B187F}.Release|Any CPU.Build.0 = Release|Any CPU
		{F91421D9-B02F-439F-A6EE-35996184F941}.Debug|Any CPU.ActiveCfg = Debug|Any CPU
		{F91421D9-B02F-439F-A6EE-35996184F941}.Debug|Any CPU.Build.0 = Debug|Any CPU
		{F91421D9-B02F-439F-A6EE-35996184F941}.EasyTest|Any CPU.ActiveCfg = EasyTest|Any CPU
		{F91421D9-B02F-439F-A6EE-35996184F941}.EasyTest|Any CPU.Build.0 = EasyTest|Any CPU
		{F91421D9-B02F-439F-A6EE-35996184F941}.Release|Any CPU.ActiveCfg = Release|Any CPU
		{F91421D9-B02F-439F-A6EE-35996184F941}.Release|Any CPU.Build.0 = Release|Any CPU
		{079B99E0-C217-4989-9F00-43770CFD1AE7}.Debug|Any CPU.ActiveCfg = Debug|Any CPU
		{079B99E0-C217-4989-9F00-43770CFD1AE7}.Debug|Any CPU.Build.0 = Debug|Any CPU
		{079B99E0-C217-4989-9F00-43770CFD1AE7}.EasyTest|Any CPU.ActiveCfg = EasyTest|Any CPU
		{079B99E0-C217-4989-9F00-43770CFD1AE7}.EasyTest|Any CPU.Build.0 = EasyTest|Any CPU
		{079B99E0-C217-4989-9F00-43770CFD1AE7}.Release|Any CPU.ActiveCfg = Release|Any CPU
		{079B99E0-C217-4989-9F00-43770CFD1AE7}.Release|Any CPU.Build.0 = Release|Any CPU
		{DC2B10D5-7EB4-4E21-9A86-1E0247178F7B}.Debug|Any CPU.ActiveCfg = Debug|Any CPU
		{DC2B10D5-7EB4-4E21-9A86-1E0247178F7B}.Debug|Any CPU.Build.0 = Debug|Any CPU
		{DC2B10D5-7EB4-4E21-9A86-1E0247178F7B}.EasyTest|Any CPU.ActiveCfg = EasyTest|Any CPU
		{DC2B10D5-7EB4-4E21-9A86-1E0247178F7B}.EasyTest|Any CPU.Build.0 = EasyTest|Any CPU
		{DC2B10D5-7EB4-4E21-9A86-1E0247178F7B}.Release|Any CPU.ActiveCfg = Release|Any CPU
		{DC2B10D5-7EB4-4E21-9A86-1E0247178F7B}.Release|Any CPU.Build.0 = Release|Any CPU
	EndGlobalSection
	GlobalSection(SolutionProperties) = preSolution
		HideSolutionNode = FALSE
	EndGlobalSection
	GlobalSection(ExtensibilityGlobals) = postSolution
		SolutionGuid = {64B7FA1B-2DAD-45A4-87DA-F5690BC4EA44}
	EndGlobalSection
EndGlobal
